
Microsoft Visual Studio Solution File, Format Version 12.00
# Visual Studio 2010
Project("{2150E333-8FDC-42A3-9474-1A3956D46DE8}") = "Solution Items", "Solution Items", "{C343E5CA-AD81-4440-BED4-3E21A272B683}"
	ProjectSection(SolutionItems) = preProject
		BusinessSafe.vsmdi = BusinessSafe.vsmdi
		Local.testsettings = Local.testsettings
		TraceAndTestImpact.testsettings = TraceAndTestImpact.testsettings
	EndProjectSection
EndProject
Project("{2150E333-8FDC-42A3-9474-1A3956D46DE8}") = "Lib", "Lib", "{A028D02F-CE5F-46FC-81AD-C6D1E9CC1A70}"
	ProjectSection(SolutionItems) = preProject
		Lib\ELMAH\Elmah.dll = Lib\ELMAH\Elmah.dll
		..\..\Program Files (x86)\Telerik\Extensions for ASP.NET MVC Q1 2012\Binaries\Mvc3\Telerik.Web.Mvc.dll = ..\..\Program Files (x86)\Telerik\Extensions for ASP.NET MVC Q1 2012\Binaries\Mvc3\Telerik.Web.Mvc.dll
	EndProjectSection
EndProject
Project("{2150E333-8FDC-42A3-9474-1A3956D46DE8}") = "ScriptBuildingCode", "ScriptBuildingCode", "{85FC3EE3-FCDF-477B-AF36-16D5C63DB25A}"
EndProject
Project("{FAE04EC0-301F-11D3-BF4B-00C04F79EFBC}") = "BusinessSafe.WebSite", "BusinessSafe.WebSite\BusinessSafe.WebSite.csproj", "{3CF88FC7-ED75-48C1-A2CE-A16754F3FA0F}"
EndProject
Project("{FAE04EC0-301F-11D3-BF4B-00C04F79EFBC}") = "BusinessSafe.Data", "BusinessSafe.Data\BusinessSafe.Data.csproj", "{0E42764A-6356-461F-9473-D452EFC22AC7}"
EndProject
Project("{FAE04EC0-301F-11D3-BF4B-00C04F79EFBC}") = "BusinessSafe.Domain", "BusinessSafe.Domain\BusinessSafe.Domain.csproj", "{EA0B55F3-6232-400F-8BE0-FEC49883253F}"
EndProject
Project("{FAE04EC0-301F-11D3-BF4B-00C04F79EFBC}") = "BusinessSafe.WebSite.Test", "BusinessSafe.WebSite.Test\BusinessSafe.WebSite.Test.csproj", "{5E34A05E-4690-451A-9147-7F9463ADFC24}"
EndProject
Project("{FAE04EC0-301F-11D3-BF4B-00C04F79EFBC}") = "BusinessSafe.Infrastructure", "BusinessSafe.Infrastructure\BusinessSafe.Infrastructure.csproj", "{9DD3289E-AA83-483D-88E1-F2FCE53B941C}"
EndProject
Project("{FAE04EC0-301F-11D3-BF4B-00C04F79EFBC}") = "BusinessSafe.Application", "BusinessSafe.Application\BusinessSafe.Application.csproj", "{5DBF972D-D624-4FE6-8483-F9828C37CF52}"
EndProject
Project("{FAE04EC0-301F-11D3-BF4B-00C04F79EFBC}") = "BusinessSafe.Domain.Tests", "BusinessSafe.Domain.Tests\BusinessSafe.Domain.Tests.csproj", "{B4E76CE0-CBDB-4A86-B610-1CB817BF357A}"
EndProject
Project("{FAE04EC0-301F-11D3-BF4B-00C04F79EFBC}") = "BusinessSafe.Data.Tests", "BusinessSafe.Data.Tests\BusinessSafe.Data.Tests.csproj", "{D18C313F-181A-4B33-80D9-2E4CA0110EC3}"
EndProject
Project("{FAE04EC0-301F-11D3-BF4B-00C04F79EFBC}") = "BusinessSafe.Application.Tests", "BusinessSafe.Application.Tests\BusinessSafe.Application.Tests.csproj", "{B803BE3B-6567-4F33-B1FE-AC16BB188DCB}"
EndProject
Project("{FAE04EC0-301F-11D3-BF4B-00C04F79EFBC}") = "BusinessSafe.AcceptanceTests", "AcceptanceTests\BusinessSafe.AcceptanceTests.csproj", "{E152C4B8-30E2-4520-848E-3A5256D3DFD3}"
EndProject
Project("{FAE04EC0-301F-11D3-BF4B-00C04F79EFBC}") = "BusinessSafe.Test.Infrastructure", "BusinessSafe.Test.Infrastructure\BusinessSafe.Test.Infrastructure.csproj", "{4EBDA3BB-5D03-4F0C-8B33-7DE400F39AAD}"
EndProject
Project("{FAE04EC0-301F-11D3-BF4B-00C04F79EFBC}") = "BusinessSafe.Application.IntegrationTests", "BusinessSafe.Application.IntegrationTests\BusinessSafe.Application.IntegrationTests.csproj", "{5B865F81-33F0-45FF-A23E-4899CB7187DD}"
EndProject
Project("{FAE04EC0-301F-11D3-BF4B-00C04F79EFBC}") = "BusinessSafe.MessageHandlers", "BusinessSafe.MessageHandlers\BusinessSafe.MessageHandlers.csproj", "{9CAEB00B-32E2-4E42-91EC-97FB0E5E2529}"
EndProject
Project("{FAE04EC0-301F-11D3-BF4B-00C04F79EFBC}") = "BusinessSafe.MessageHandlers.Test", "BusinessSafe.MessageHandlers.Test\BusinessSafe.MessageHandlers.Test.csproj", "{94901BA5-BA98-46A5-A343-9729ED5550AB}"
EndProject
Project("{FAE04EC0-301F-11D3-BF4B-00C04F79EFBC}") = "BusinessSafe.Messages", "BusinessSafe.Messages\BusinessSafe.Messages.csproj", "{EE24F1BE-1BB4-413F-895D-7DC49325F36A}"
EndProject
Project("{FAE04EC0-301F-11D3-BF4B-00C04F79EFBC}") = "BusinessSafe.Checklists", "BusinessSafe.Checklists\BusinessSafe.Checklists.csproj", "{775C6D2F-5AF3-4756-846C-EDE820508030}"
EndProject
Project("{FAE04EC0-301F-11D3-BF4B-00C04F79EFBC}") = "BusinessSafe.Checklists.Test", "BusinessSafe.Checklists.Test\BusinessSafe.Checklists.Test.csproj", "{4305DE86-77B8-4709-ADF4-7608223C0620}"
EndProject
Project("{FAE04EC0-301F-11D3-BF4B-00C04F79EFBC}") = "BusinessSafe.Messages.Emails", "BusinessSafe.Messages.Emails\BusinessSafe.Messages.Emails.csproj", "{CFC682DE-01ED-45D9-925A-8F764368514A}"
EndProject
Project("{FAE04EC0-301F-11D3-BF4B-00C04F79EFBC}") = "BusinessSafe.MessageHandlers.Emails.Test", "BusinessSafe.MessageHandlers.Emails.Test\BusinessSafe.MessageHandlers.Emails.Test.csproj", "{2F802F88-FBF0-49DB-8D24-03F0EC3511E1}"
EndProject
Project("{FAE04EC0-301F-11D3-BF4B-00C04F79EFBC}") = "BusinessSafe.MessageHandlers.Emails", "BusinessSafe.MessageHandlers.Emails\BusinessSafe.MessageHandlers.Emails.csproj", "{2FAE47AD-2C27-4A38-BA85-5AB2167B583E}"
EndProject
Project("{FAE04EC0-301F-11D3-BF4B-00C04F79EFBC}") = "BusinessSafe.EscalationService", "BusinessSafe.EscalationService\BusinessSafe.EscalationService.csproj", "{56FFA5A2-0233-4296-9EC5-A201DB661939}"
EndProject
Project("{FAE04EC0-301F-11D3-BF4B-00C04F79EFBC}") = "BusinessSafe.EscalationService.Tests", "BusinessSafe.EscalationService.Tests\BusinessSafe.EscalationService.Tests.csproj", "{6B51FDB5-DA8C-4DF9-84D6-068AB16996B2}"
EndProject
Project("{FAE04EC0-301F-11D3-BF4B-00C04F79EFBC}") = "BusinessSafe.WCF", "BusinessSafe.WCF\BusinessSafe.WCF.csproj", "{14F17C94-4277-47C7-988C-A8630F3F9E24}"
EndProject
Project("{FAE04EC0-301F-11D3-BF4B-00C04F79EFBC}") = "BusinessSafe.HroEmployeeImport", "BusinessSafe.HroEmployeeImport\BusinessSafe.HroEmployeeImport.csproj", "{3FEEB2D2-DCF5-404F-A2FD-134987A8DE39}"
EndProject
Project("{FAE04EC0-301F-11D3-BF4B-00C04F79EFBC}") = "SafeCheckQuestionScriptBuilder.ConsoleApp", "ScriptBuildingCode\SafeCheckQuestionScriptBuilder\SafeCheckQuestionScriptBuilder.ConsoleApp\SafeCheckQuestionScriptBuilder.ConsoleApp.csproj", "{BF09FA50-E76D-4458-96FC-1F83612CF22A}"
EndProject
Global
	GlobalSection(TestCaseManagementSettings) = postSolution
		CategoryFile = BusinessSafe.vsmdi
	EndGlobalSection
	GlobalSection(SolutionConfigurationPlatforms) = preSolution
		CI|Any CPU = CI|Any CPU
		CI|Mixed Platforms = CI|Mixed Platforms
		CI|x86 = CI|x86
		Debug|Any CPU = Debug|Any CPU
		Debug|Mixed Platforms = Debug|Mixed Platforms
		Debug|x86 = Debug|x86
		LIVE|Any CPU = LIVE|Any CPU
		LIVE|Mixed Platforms = LIVE|Mixed Platforms
		LIVE|x86 = LIVE|x86
		Release|Any CPU = Release|Any CPU
		Release|Mixed Platforms = Release|Mixed Platforms
		Release|x86 = Release|x86
		UAT|Any CPU = UAT|Any CPU
		UAT|Mixed Platforms = UAT|Mixed Platforms
		UAT|x86 = UAT|x86
	EndGlobalSection
	GlobalSection(ProjectConfigurationPlatforms) = postSolution
		{3CF88FC7-ED75-48C1-A2CE-A16754F3FA0F}.CI|Any CPU.ActiveCfg = CI|Any CPU
		{3CF88FC7-ED75-48C1-A2CE-A16754F3FA0F}.CI|Any CPU.Build.0 = CI|Any CPU
		{3CF88FC7-ED75-48C1-A2CE-A16754F3FA0F}.CI|Mixed Platforms.ActiveCfg = CI|Any CPU
		{3CF88FC7-ED75-48C1-A2CE-A16754F3FA0F}.CI|Mixed Platforms.Build.0 = CI|Any CPU
		{3CF88FC7-ED75-48C1-A2CE-A16754F3FA0F}.CI|x86.ActiveCfg = CI|Any CPU
		{3CF88FC7-ED75-48C1-A2CE-A16754F3FA0F}.Debug|Any CPU.ActiveCfg = Debug|Any CPU
		{3CF88FC7-ED75-48C1-A2CE-A16754F3FA0F}.Debug|Any CPU.Build.0 = Debug|Any CPU
		{3CF88FC7-ED75-48C1-A2CE-A16754F3FA0F}.Debug|Mixed Platforms.ActiveCfg = Debug|Any CPU
		{3CF88FC7-ED75-48C1-A2CE-A16754F3FA0F}.Debug|Mixed Platforms.Build.0 = Debug|Any CPU
		{3CF88FC7-ED75-48C1-A2CE-A16754F3FA0F}.Debug|x86.ActiveCfg = Debug|Any CPU
		{3CF88FC7-ED75-48C1-A2CE-A16754F3FA0F}.LIVE|Any CPU.ActiveCfg = LIVE|Any CPU
		{3CF88FC7-ED75-48C1-A2CE-A16754F3FA0F}.LIVE|Any CPU.Build.0 = LIVE|Any CPU
		{3CF88FC7-ED75-48C1-A2CE-A16754F3FA0F}.LIVE|Mixed Platforms.ActiveCfg = LIVE|Any CPU
		{3CF88FC7-ED75-48C1-A2CE-A16754F3FA0F}.LIVE|Mixed Platforms.Build.0 = LIVE|Any CPU
		{3CF88FC7-ED75-48C1-A2CE-A16754F3FA0F}.LIVE|x86.ActiveCfg = LIVE|Any CPU
		{3CF88FC7-ED75-48C1-A2CE-A16754F3FA0F}.Release|Any CPU.ActiveCfg = Release|Any CPU
		{3CF88FC7-ED75-48C1-A2CE-A16754F3FA0F}.Release|Any CPU.Build.0 = Release|Any CPU
		{3CF88FC7-ED75-48C1-A2CE-A16754F3FA0F}.Release|Mixed Platforms.ActiveCfg = Release|Any CPU
		{3CF88FC7-ED75-48C1-A2CE-A16754F3FA0F}.Release|Mixed Platforms.Build.0 = Release|Any CPU
		{3CF88FC7-ED75-48C1-A2CE-A16754F3FA0F}.Release|x86.ActiveCfg = Release|Any CPU
		{3CF88FC7-ED75-48C1-A2CE-A16754F3FA0F}.UAT|Any CPU.ActiveCfg = UAT|Any CPU
		{3CF88FC7-ED75-48C1-A2CE-A16754F3FA0F}.UAT|Any CPU.Build.0 = UAT|Any CPU
		{3CF88FC7-ED75-48C1-A2CE-A16754F3FA0F}.UAT|Mixed Platforms.ActiveCfg = UAT|Any CPU
		{3CF88FC7-ED75-48C1-A2CE-A16754F3FA0F}.UAT|Mixed Platforms.Build.0 = UAT|Any CPU
		{3CF88FC7-ED75-48C1-A2CE-A16754F3FA0F}.UAT|x86.ActiveCfg = UAT|Any CPU
		{0E42764A-6356-461F-9473-D452EFC22AC7}.CI|Any CPU.ActiveCfg = CI|Any CPU
		{0E42764A-6356-461F-9473-D452EFC22AC7}.CI|Any CPU.Build.0 = CI|Any CPU
		{0E42764A-6356-461F-9473-D452EFC22AC7}.CI|Mixed Platforms.ActiveCfg = CI|Any CPU
		{0E42764A-6356-461F-9473-D452EFC22AC7}.CI|Mixed Platforms.Build.0 = CI|Any CPU
		{0E42764A-6356-461F-9473-D452EFC22AC7}.CI|x86.ActiveCfg = CI|Any CPU
		{0E42764A-6356-461F-9473-D452EFC22AC7}.Debug|Any CPU.ActiveCfg = Debug|Any CPU
		{0E42764A-6356-461F-9473-D452EFC22AC7}.Debug|Any CPU.Build.0 = Debug|Any CPU
		{0E42764A-6356-461F-9473-D452EFC22AC7}.Debug|Mixed Platforms.ActiveCfg = Debug|Any CPU
		{0E42764A-6356-461F-9473-D452EFC22AC7}.Debug|Mixed Platforms.Build.0 = Debug|Any CPU
		{0E42764A-6356-461F-9473-D452EFC22AC7}.Debug|x86.ActiveCfg = Debug|Any CPU
		{0E42764A-6356-461F-9473-D452EFC22AC7}.LIVE|Any CPU.ActiveCfg = LIVE|Any CPU
		{0E42764A-6356-461F-9473-D452EFC22AC7}.LIVE|Any CPU.Build.0 = LIVE|Any CPU
		{0E42764A-6356-461F-9473-D452EFC22AC7}.LIVE|Mixed Platforms.ActiveCfg = LIVE|Any CPU
		{0E42764A-6356-461F-9473-D452EFC22AC7}.LIVE|Mixed Platforms.Build.0 = LIVE|Any CPU
		{0E42764A-6356-461F-9473-D452EFC22AC7}.LIVE|x86.ActiveCfg = LIVE|Any CPU
		{0E42764A-6356-461F-9473-D452EFC22AC7}.Release|Any CPU.ActiveCfg = Release|Any CPU
		{0E42764A-6356-461F-9473-D452EFC22AC7}.Release|Any CPU.Build.0 = Release|Any CPU
		{0E42764A-6356-461F-9473-D452EFC22AC7}.Release|Mixed Platforms.ActiveCfg = Release|Any CPU
		{0E42764A-6356-461F-9473-D452EFC22AC7}.Release|Mixed Platforms.Build.0 = Release|Any CPU
		{0E42764A-6356-461F-9473-D452EFC22AC7}.Release|x86.ActiveCfg = Release|Any CPU
		{0E42764A-6356-461F-9473-D452EFC22AC7}.UAT|Any CPU.ActiveCfg = UAT|Any CPU
		{0E42764A-6356-461F-9473-D452EFC22AC7}.UAT|Any CPU.Build.0 = UAT|Any CPU
		{0E42764A-6356-461F-9473-D452EFC22AC7}.UAT|Mixed Platforms.ActiveCfg = UAT|Any CPU
		{0E42764A-6356-461F-9473-D452EFC22AC7}.UAT|Mixed Platforms.Build.0 = UAT|Any CPU
		{0E42764A-6356-461F-9473-D452EFC22AC7}.UAT|x86.ActiveCfg = UAT|Any CPU
		{EA0B55F3-6232-400F-8BE0-FEC49883253F}.CI|Any CPU.ActiveCfg = CI|Any CPU
		{EA0B55F3-6232-400F-8BE0-FEC49883253F}.CI|Any CPU.Build.0 = CI|Any CPU
		{EA0B55F3-6232-400F-8BE0-FEC49883253F}.CI|Mixed Platforms.ActiveCfg = CI|Any CPU
		{EA0B55F3-6232-400F-8BE0-FEC49883253F}.CI|Mixed Platforms.Build.0 = CI|Any CPU
		{EA0B55F3-6232-400F-8BE0-FEC49883253F}.CI|x86.ActiveCfg = CI|Any CPU
		{EA0B55F3-6232-400F-8BE0-FEC49883253F}.Debug|Any CPU.ActiveCfg = Debug|Any CPU
		{EA0B55F3-6232-400F-8BE0-FEC49883253F}.Debug|Any CPU.Build.0 = Debug|Any CPU
		{EA0B55F3-6232-400F-8BE0-FEC49883253F}.Debug|Mixed Platforms.ActiveCfg = Debug|Any CPU
		{EA0B55F3-6232-400F-8BE0-FEC49883253F}.Debug|Mixed Platforms.Build.0 = Debug|Any CPU
		{EA0B55F3-6232-400F-8BE0-FEC49883253F}.Debug|x86.ActiveCfg = Debug|Any CPU
		{EA0B55F3-6232-400F-8BE0-FEC49883253F}.LIVE|Any CPU.ActiveCfg = LIVE|Any CPU
		{EA0B55F3-6232-400F-8BE0-FEC49883253F}.LIVE|Any CPU.Build.0 = LIVE|Any CPU
		{EA0B55F3-6232-400F-8BE0-FEC49883253F}.LIVE|Mixed Platforms.ActiveCfg = LIVE|Any CPU
		{EA0B55F3-6232-400F-8BE0-FEC49883253F}.LIVE|Mixed Platforms.Build.0 = LIVE|Any CPU
		{EA0B55F3-6232-400F-8BE0-FEC49883253F}.LIVE|x86.ActiveCfg = LIVE|Any CPU
		{EA0B55F3-6232-400F-8BE0-FEC49883253F}.Release|Any CPU.ActiveCfg = Release|Any CPU
		{EA0B55F3-6232-400F-8BE0-FEC49883253F}.Release|Any CPU.Build.0 = Release|Any CPU
		{EA0B55F3-6232-400F-8BE0-FEC49883253F}.Release|Mixed Platforms.ActiveCfg = Release|Any CPU
		{EA0B55F3-6232-400F-8BE0-FEC49883253F}.Release|Mixed Platforms.Build.0 = Release|Any CPU
		{EA0B55F3-6232-400F-8BE0-FEC49883253F}.Release|x86.ActiveCfg = Release|Any CPU
		{EA0B55F3-6232-400F-8BE0-FEC49883253F}.UAT|Any CPU.ActiveCfg = UAT|Any CPU
		{EA0B55F3-6232-400F-8BE0-FEC49883253F}.UAT|Any CPU.Build.0 = UAT|Any CPU
		{EA0B55F3-6232-400F-8BE0-FEC49883253F}.UAT|Mixed Platforms.ActiveCfg = UAT|Any CPU
		{EA0B55F3-6232-400F-8BE0-FEC49883253F}.UAT|Mixed Platforms.Build.0 = UAT|Any CPU
		{EA0B55F3-6232-400F-8BE0-FEC49883253F}.UAT|x86.ActiveCfg = UAT|Any CPU
		{5E34A05E-4690-451A-9147-7F9463ADFC24}.CI|Any CPU.ActiveCfg = CI|Any CPU
		{5E34A05E-4690-451A-9147-7F9463ADFC24}.CI|Any CPU.Build.0 = CI|Any CPU
		{5E34A05E-4690-451A-9147-7F9463ADFC24}.CI|Mixed Platforms.ActiveCfg = CI|Any CPU
		{5E34A05E-4690-451A-9147-7F9463ADFC24}.CI|Mixed Platforms.Build.0 = CI|Any CPU
		{5E34A05E-4690-451A-9147-7F9463ADFC24}.CI|x86.ActiveCfg = CI|Any CPU
		{5E34A05E-4690-451A-9147-7F9463ADFC24}.Debug|Any CPU.ActiveCfg = Debug|Any CPU
		{5E34A05E-4690-451A-9147-7F9463ADFC24}.Debug|Any CPU.Build.0 = Debug|Any CPU
		{5E34A05E-4690-451A-9147-7F9463ADFC24}.Debug|Mixed Platforms.ActiveCfg = Debug|Any CPU
		{5E34A05E-4690-451A-9147-7F9463ADFC24}.Debug|Mixed Platforms.Build.0 = Debug|Any CPU
		{5E34A05E-4690-451A-9147-7F9463ADFC24}.Debug|x86.ActiveCfg = Debug|Any CPU
		{5E34A05E-4690-451A-9147-7F9463ADFC24}.LIVE|Any CPU.ActiveCfg = LIVE|Any CPU
		{5E34A05E-4690-451A-9147-7F9463ADFC24}.LIVE|Any CPU.Build.0 = LIVE|Any CPU
		{5E34A05E-4690-451A-9147-7F9463ADFC24}.LIVE|Mixed Platforms.ActiveCfg = LIVE|Any CPU
		{5E34A05E-4690-451A-9147-7F9463ADFC24}.LIVE|Mixed Platforms.Build.0 = LIVE|Any CPU
		{5E34A05E-4690-451A-9147-7F9463ADFC24}.LIVE|x86.ActiveCfg = LIVE|Any CPU
		{5E34A05E-4690-451A-9147-7F9463ADFC24}.Release|Any CPU.ActiveCfg = Release|Any CPU
		{5E34A05E-4690-451A-9147-7F9463ADFC24}.Release|Any CPU.Build.0 = Release|Any CPU
		{5E34A05E-4690-451A-9147-7F9463ADFC24}.Release|Mixed Platforms.ActiveCfg = Release|Any CPU
		{5E34A05E-4690-451A-9147-7F9463ADFC24}.Release|Mixed Platforms.Build.0 = Release|Any CPU
		{5E34A05E-4690-451A-9147-7F9463ADFC24}.Release|x86.ActiveCfg = Release|Any CPU
		{5E34A05E-4690-451A-9147-7F9463ADFC24}.UAT|Any CPU.ActiveCfg = UAT|Any CPU
		{5E34A05E-4690-451A-9147-7F9463ADFC24}.UAT|Any CPU.Build.0 = UAT|Any CPU
		{5E34A05E-4690-451A-9147-7F9463ADFC24}.UAT|Mixed Platforms.ActiveCfg = UAT|Any CPU
		{5E34A05E-4690-451A-9147-7F9463ADFC24}.UAT|Mixed Platforms.Build.0 = UAT|Any CPU
		{5E34A05E-4690-451A-9147-7F9463ADFC24}.UAT|x86.ActiveCfg = UAT|Any CPU
		{9DD3289E-AA83-483D-88E1-F2FCE53B941C}.CI|Any CPU.ActiveCfg = CI|Any CPU
		{9DD3289E-AA83-483D-88E1-F2FCE53B941C}.CI|Any CPU.Build.0 = CI|Any CPU
		{9DD3289E-AA83-483D-88E1-F2FCE53B941C}.CI|Mixed Platforms.ActiveCfg = CI|Any CPU
		{9DD3289E-AA83-483D-88E1-F2FCE53B941C}.CI|Mixed Platforms.Build.0 = CI|Any CPU
		{9DD3289E-AA83-483D-88E1-F2FCE53B941C}.CI|x86.ActiveCfg = CI|Any CPU
		{9DD3289E-AA83-483D-88E1-F2FCE53B941C}.Debug|Any CPU.ActiveCfg = Debug|Any CPU
		{9DD3289E-AA83-483D-88E1-F2FCE53B941C}.Debug|Any CPU.Build.0 = Debug|Any CPU
		{9DD3289E-AA83-483D-88E1-F2FCE53B941C}.Debug|Mixed Platforms.ActiveCfg = Debug|Any CPU
		{9DD3289E-AA83-483D-88E1-F2FCE53B941C}.Debug|Mixed Platforms.Build.0 = Debug|Any CPU
		{9DD3289E-AA83-483D-88E1-F2FCE53B941C}.Debug|x86.ActiveCfg = Debug|Any CPU
		{9DD3289E-AA83-483D-88E1-F2FCE53B941C}.LIVE|Any CPU.ActiveCfg = LIVE|Any CPU
		{9DD3289E-AA83-483D-88E1-F2FCE53B941C}.LIVE|Any CPU.Build.0 = LIVE|Any CPU
		{9DD3289E-AA83-483D-88E1-F2FCE53B941C}.LIVE|Mixed Platforms.ActiveCfg = LIVE|Any CPU
		{9DD3289E-AA83-483D-88E1-F2FCE53B941C}.LIVE|Mixed Platforms.Build.0 = LIVE|Any CPU
		{9DD3289E-AA83-483D-88E1-F2FCE53B941C}.LIVE|x86.ActiveCfg = LIVE|Any CPU
		{9DD3289E-AA83-483D-88E1-F2FCE53B941C}.Release|Any CPU.ActiveCfg = Release|Any CPU
		{9DD3289E-AA83-483D-88E1-F2FCE53B941C}.Release|Any CPU.Build.0 = Release|Any CPU
		{9DD3289E-AA83-483D-88E1-F2FCE53B941C}.Release|Mixed Platforms.ActiveCfg = Release|Any CPU
		{9DD3289E-AA83-483D-88E1-F2FCE53B941C}.Release|Mixed Platforms.Build.0 = Release|Any CPU
		{9DD3289E-AA83-483D-88E1-F2FCE53B941C}.Release|x86.ActiveCfg = Release|Any CPU
		{9DD3289E-AA83-483D-88E1-F2FCE53B941C}.UAT|Any CPU.ActiveCfg = UAT|Any CPU
		{9DD3289E-AA83-483D-88E1-F2FCE53B941C}.UAT|Any CPU.Build.0 = UAT|Any CPU
		{9DD3289E-AA83-483D-88E1-F2FCE53B941C}.UAT|Mixed Platforms.ActiveCfg = UAT|Any CPU
		{9DD3289E-AA83-483D-88E1-F2FCE53B941C}.UAT|Mixed Platforms.Build.0 = UAT|Any CPU
		{9DD3289E-AA83-483D-88E1-F2FCE53B941C}.UAT|x86.ActiveCfg = UAT|Any CPU
		{5DBF972D-D624-4FE6-8483-F9828C37CF52}.CI|Any CPU.ActiveCfg = CI|Any CPU
		{5DBF972D-D624-4FE6-8483-F9828C37CF52}.CI|Any CPU.Build.0 = CI|Any CPU
		{5DBF972D-D624-4FE6-8483-F9828C37CF52}.CI|Mixed Platforms.ActiveCfg = CI|Any CPU
		{5DBF972D-D624-4FE6-8483-F9828C37CF52}.CI|Mixed Platforms.Build.0 = CI|Any CPU
		{5DBF972D-D624-4FE6-8483-F9828C37CF52}.CI|x86.ActiveCfg = CI|Any CPU
		{5DBF972D-D624-4FE6-8483-F9828C37CF52}.Debug|Any CPU.ActiveCfg = Debug|Any CPU
		{5DBF972D-D624-4FE6-8483-F9828C37CF52}.Debug|Any CPU.Build.0 = Debug|Any CPU
		{5DBF972D-D624-4FE6-8483-F9828C37CF52}.Debug|Mixed Platforms.ActiveCfg = Debug|Any CPU
		{5DBF972D-D624-4FE6-8483-F9828C37CF52}.Debug|Mixed Platforms.Build.0 = Debug|Any CPU
		{5DBF972D-D624-4FE6-8483-F9828C37CF52}.Debug|x86.ActiveCfg = Debug|Any CPU
		{5DBF972D-D624-4FE6-8483-F9828C37CF52}.LIVE|Any CPU.ActiveCfg = LIVE|Any CPU
		{5DBF972D-D624-4FE6-8483-F9828C37CF52}.LIVE|Any CPU.Build.0 = LIVE|Any CPU
		{5DBF972D-D624-4FE6-8483-F9828C37CF52}.LIVE|Mixed Platforms.ActiveCfg = LIVE|Any CPU
		{5DBF972D-D624-4FE6-8483-F9828C37CF52}.LIVE|Mixed Platforms.Build.0 = LIVE|Any CPU
		{5DBF972D-D624-4FE6-8483-F9828C37CF52}.LIVE|x86.ActiveCfg = LIVE|Any CPU
		{5DBF972D-D624-4FE6-8483-F9828C37CF52}.Release|Any CPU.ActiveCfg = Release|Any CPU
		{5DBF972D-D624-4FE6-8483-F9828C37CF52}.Release|Any CPU.Build.0 = Release|Any CPU
		{5DBF972D-D624-4FE6-8483-F9828C37CF52}.Release|Mixed Platforms.ActiveCfg = Release|Any CPU
		{5DBF972D-D624-4FE6-8483-F9828C37CF52}.Release|Mixed Platforms.Build.0 = Release|Any CPU
		{5DBF972D-D624-4FE6-8483-F9828C37CF52}.Release|x86.ActiveCfg = Release|Any CPU
		{5DBF972D-D624-4FE6-8483-F9828C37CF52}.UAT|Any CPU.ActiveCfg = UAT|Any CPU
		{5DBF972D-D624-4FE6-8483-F9828C37CF52}.UAT|Any CPU.Build.0 = UAT|Any CPU
		{5DBF972D-D624-4FE6-8483-F9828C37CF52}.UAT|Mixed Platforms.ActiveCfg = UAT|Any CPU
		{5DBF972D-D624-4FE6-8483-F9828C37CF52}.UAT|Mixed Platforms.Build.0 = UAT|Any CPU
		{5DBF972D-D624-4FE6-8483-F9828C37CF52}.UAT|x86.ActiveCfg = UAT|Any CPU
		{B4E76CE0-CBDB-4A86-B610-1CB817BF357A}.CI|Any CPU.ActiveCfg = CI|Any CPU
		{B4E76CE0-CBDB-4A86-B610-1CB817BF357A}.CI|Any CPU.Build.0 = CI|Any CPU
		{B4E76CE0-CBDB-4A86-B610-1CB817BF357A}.CI|Mixed Platforms.ActiveCfg = CI|Any CPU
		{B4E76CE0-CBDB-4A86-B610-1CB817BF357A}.CI|Mixed Platforms.Build.0 = CI|Any CPU
		{B4E76CE0-CBDB-4A86-B610-1CB817BF357A}.CI|x86.ActiveCfg = CI|Any CPU
		{B4E76CE0-CBDB-4A86-B610-1CB817BF357A}.Debug|Any CPU.ActiveCfg = Debug|Any CPU
		{B4E76CE0-CBDB-4A86-B610-1CB817BF357A}.Debug|Any CPU.Build.0 = Debug|Any CPU
		{B4E76CE0-CBDB-4A86-B610-1CB817BF357A}.Debug|Mixed Platforms.ActiveCfg = Debug|Any CPU
		{B4E76CE0-CBDB-4A86-B610-1CB817BF357A}.Debug|Mixed Platforms.Build.0 = Debug|Any CPU
		{B4E76CE0-CBDB-4A86-B610-1CB817BF357A}.Debug|x86.ActiveCfg = Debug|Any CPU
		{B4E76CE0-CBDB-4A86-B610-1CB817BF357A}.LIVE|Any CPU.ActiveCfg = LIVE|Any CPU
		{B4E76CE0-CBDB-4A86-B610-1CB817BF357A}.LIVE|Any CPU.Build.0 = LIVE|Any CPU
		{B4E76CE0-CBDB-4A86-B610-1CB817BF357A}.LIVE|Mixed Platforms.ActiveCfg = LIVE|Any CPU
		{B4E76CE0-CBDB-4A86-B610-1CB817BF357A}.LIVE|Mixed Platforms.Build.0 = LIVE|Any CPU
		{B4E76CE0-CBDB-4A86-B610-1CB817BF357A}.LIVE|x86.ActiveCfg = LIVE|Any CPU
		{B4E76CE0-CBDB-4A86-B610-1CB817BF357A}.Release|Any CPU.ActiveCfg = Release|Any CPU
		{B4E76CE0-CBDB-4A86-B610-1CB817BF357A}.Release|Any CPU.Build.0 = Release|Any CPU
		{B4E76CE0-CBDB-4A86-B610-1CB817BF357A}.Release|Mixed Platforms.ActiveCfg = Release|Any CPU
		{B4E76CE0-CBDB-4A86-B610-1CB817BF357A}.Release|Mixed Platforms.Build.0 = Release|Any CPU
		{B4E76CE0-CBDB-4A86-B610-1CB817BF357A}.Release|x86.ActiveCfg = Release|Any CPU
		{B4E76CE0-CBDB-4A86-B610-1CB817BF357A}.UAT|Any CPU.ActiveCfg = UAT|Any CPU
		{B4E76CE0-CBDB-4A86-B610-1CB817BF357A}.UAT|Any CPU.Build.0 = UAT|Any CPU
		{B4E76CE0-CBDB-4A86-B610-1CB817BF357A}.UAT|Mixed Platforms.ActiveCfg = UAT|Any CPU
		{B4E76CE0-CBDB-4A86-B610-1CB817BF357A}.UAT|Mixed Platforms.Build.0 = UAT|Any CPU
		{B4E76CE0-CBDB-4A86-B610-1CB817BF357A}.UAT|x86.ActiveCfg = UAT|Any CPU
		{D18C313F-181A-4B33-80D9-2E4CA0110EC3}.CI|Any CPU.ActiveCfg = CI|Any CPU
		{D18C313F-181A-4B33-80D9-2E4CA0110EC3}.CI|Any CPU.Build.0 = CI|Any CPU
		{D18C313F-181A-4B33-80D9-2E4CA0110EC3}.CI|Mixed Platforms.ActiveCfg = CI|Any CPU
		{D18C313F-181A-4B33-80D9-2E4CA0110EC3}.CI|Mixed Platforms.Build.0 = CI|Any CPU
		{D18C313F-181A-4B33-80D9-2E4CA0110EC3}.CI|x86.ActiveCfg = CI|Any CPU
		{D18C313F-181A-4B33-80D9-2E4CA0110EC3}.Debug|Any CPU.ActiveCfg = Debug|Any CPU
		{D18C313F-181A-4B33-80D9-2E4CA0110EC3}.Debug|Any CPU.Build.0 = Debug|Any CPU
		{D18C313F-181A-4B33-80D9-2E4CA0110EC3}.Debug|Mixed Platforms.ActiveCfg = Debug|Any CPU
		{D18C313F-181A-4B33-80D9-2E4CA0110EC3}.Debug|Mixed Platforms.Build.0 = Debug|Any CPU
		{D18C313F-181A-4B33-80D9-2E4CA0110EC3}.Debug|x86.ActiveCfg = Debug|Any CPU
		{D18C313F-181A-4B33-80D9-2E4CA0110EC3}.LIVE|Any CPU.ActiveCfg = LIVE|Any CPU
		{D18C313F-181A-4B33-80D9-2E4CA0110EC3}.LIVE|Any CPU.Build.0 = LIVE|Any CPU
		{D18C313F-181A-4B33-80D9-2E4CA0110EC3}.LIVE|Mixed Platforms.ActiveCfg = LIVE|Any CPU
		{D18C313F-181A-4B33-80D9-2E4CA0110EC3}.LIVE|Mixed Platforms.Build.0 = LIVE|Any CPU
		{D18C313F-181A-4B33-80D9-2E4CA0110EC3}.LIVE|x86.ActiveCfg = LIVE|Any CPU
		{D18C313F-181A-4B33-80D9-2E4CA0110EC3}.Release|Any CPU.ActiveCfg = Release|Any CPU
		{D18C313F-181A-4B33-80D9-2E4CA0110EC3}.Release|Any CPU.Build.0 = Release|Any CPU
		{D18C313F-181A-4B33-80D9-2E4CA0110EC3}.Release|Mixed Platforms.ActiveCfg = Release|Any CPU
		{D18C313F-181A-4B33-80D9-2E4CA0110EC3}.Release|Mixed Platforms.Build.0 = Release|Any CPU
		{D18C313F-181A-4B33-80D9-2E4CA0110EC3}.Release|x86.ActiveCfg = Release|Any CPU
		{D18C313F-181A-4B33-80D9-2E4CA0110EC3}.UAT|Any CPU.ActiveCfg = UAT|Any CPU
		{D18C313F-181A-4B33-80D9-2E4CA0110EC3}.UAT|Any CPU.Build.0 = UAT|Any CPU
		{D18C313F-181A-4B33-80D9-2E4CA0110EC3}.UAT|Mixed Platforms.ActiveCfg = UAT|Any CPU
		{D18C313F-181A-4B33-80D9-2E4CA0110EC3}.UAT|Mixed Platforms.Build.0 = UAT|Any CPU
		{D18C313F-181A-4B33-80D9-2E4CA0110EC3}.UAT|x86.ActiveCfg = UAT|Any CPU
		{B803BE3B-6567-4F33-B1FE-AC16BB188DCB}.CI|Any CPU.ActiveCfg = CI|Any CPU
		{B803BE3B-6567-4F33-B1FE-AC16BB188DCB}.CI|Any CPU.Build.0 = CI|Any CPU
		{B803BE3B-6567-4F33-B1FE-AC16BB188DCB}.CI|Mixed Platforms.ActiveCfg = CI|Any CPU
		{B803BE3B-6567-4F33-B1FE-AC16BB188DCB}.CI|Mixed Platforms.Build.0 = CI|Any CPU
		{B803BE3B-6567-4F33-B1FE-AC16BB188DCB}.CI|x86.ActiveCfg = CI|Any CPU
		{B803BE3B-6567-4F33-B1FE-AC16BB188DCB}.Debug|Any CPU.ActiveCfg = Debug|Any CPU
		{B803BE3B-6567-4F33-B1FE-AC16BB188DCB}.Debug|Any CPU.Build.0 = Debug|Any CPU
		{B803BE3B-6567-4F33-B1FE-AC16BB188DCB}.Debug|Mixed Platforms.ActiveCfg = Debug|Any CPU
		{B803BE3B-6567-4F33-B1FE-AC16BB188DCB}.Debug|Mixed Platforms.Build.0 = Debug|Any CPU
		{B803BE3B-6567-4F33-B1FE-AC16BB188DCB}.Debug|x86.ActiveCfg = Debug|Any CPU
		{B803BE3B-6567-4F33-B1FE-AC16BB188DCB}.LIVE|Any CPU.ActiveCfg = LIVE|Any CPU
		{B803BE3B-6567-4F33-B1FE-AC16BB188DCB}.LIVE|Any CPU.Build.0 = LIVE|Any CPU
		{B803BE3B-6567-4F33-B1FE-AC16BB188DCB}.LIVE|Mixed Platforms.ActiveCfg = LIVE|Any CPU
		{B803BE3B-6567-4F33-B1FE-AC16BB188DCB}.LIVE|Mixed Platforms.Build.0 = LIVE|Any CPU
		{B803BE3B-6567-4F33-B1FE-AC16BB188DCB}.LIVE|x86.ActiveCfg = LIVE|Any CPU
		{B803BE3B-6567-4F33-B1FE-AC16BB188DCB}.Release|Any CPU.ActiveCfg = Release|Any CPU
		{B803BE3B-6567-4F33-B1FE-AC16BB188DCB}.Release|Any CPU.Build.0 = Release|Any CPU
		{B803BE3B-6567-4F33-B1FE-AC16BB188DCB}.Release|Mixed Platforms.ActiveCfg = Release|Any CPU
		{B803BE3B-6567-4F33-B1FE-AC16BB188DCB}.Release|Mixed Platforms.Build.0 = Release|Any CPU
		{B803BE3B-6567-4F33-B1FE-AC16BB188DCB}.Release|x86.ActiveCfg = Release|Any CPU
		{B803BE3B-6567-4F33-B1FE-AC16BB188DCB}.UAT|Any CPU.ActiveCfg = UAT|Any CPU
		{B803BE3B-6567-4F33-B1FE-AC16BB188DCB}.UAT|Any CPU.Build.0 = UAT|Any CPU
		{B803BE3B-6567-4F33-B1FE-AC16BB188DCB}.UAT|Mixed Platforms.ActiveCfg = UAT|Any CPU
		{B803BE3B-6567-4F33-B1FE-AC16BB188DCB}.UAT|Mixed Platforms.Build.0 = UAT|Any CPU
		{B803BE3B-6567-4F33-B1FE-AC16BB188DCB}.UAT|x86.ActiveCfg = UAT|Any CPU
		{E152C4B8-30E2-4520-848E-3A5256D3DFD3}.CI|Any CPU.ActiveCfg = CI|Any CPU
		{E152C4B8-30E2-4520-848E-3A5256D3DFD3}.CI|Any CPU.Build.0 = CI|Any CPU
		{E152C4B8-30E2-4520-848E-3A5256D3DFD3}.CI|Mixed Platforms.ActiveCfg = CI|Any CPU
		{E152C4B8-30E2-4520-848E-3A5256D3DFD3}.CI|Mixed Platforms.Build.0 = CI|Any CPU
		{E152C4B8-30E2-4520-848E-3A5256D3DFD3}.CI|x86.ActiveCfg = CI|Any CPU
		{E152C4B8-30E2-4520-848E-3A5256D3DFD3}.Debug|Any CPU.ActiveCfg = Debug|Any CPU
		{E152C4B8-30E2-4520-848E-3A5256D3DFD3}.Debug|Any CPU.Build.0 = Debug|Any CPU
		{E152C4B8-30E2-4520-848E-3A5256D3DFD3}.Debug|Mixed Platforms.ActiveCfg = Debug|Any CPU
		{E152C4B8-30E2-4520-848E-3A5256D3DFD3}.Debug|Mixed Platforms.Build.0 = Debug|Any CPU
		{E152C4B8-30E2-4520-848E-3A5256D3DFD3}.Debug|x86.ActiveCfg = Debug|Any CPU
		{E152C4B8-30E2-4520-848E-3A5256D3DFD3}.LIVE|Any CPU.ActiveCfg = LIVE|Any CPU
		{E152C4B8-30E2-4520-848E-3A5256D3DFD3}.LIVE|Any CPU.Build.0 = LIVE|Any CPU
		{E152C4B8-30E2-4520-848E-3A5256D3DFD3}.LIVE|Mixed Platforms.ActiveCfg = LIVE|Any CPU
		{E152C4B8-30E2-4520-848E-3A5256D3DFD3}.LIVE|Mixed Platforms.Build.0 = LIVE|Any CPU
		{E152C4B8-30E2-4520-848E-3A5256D3DFD3}.LIVE|x86.ActiveCfg = LIVE|Any CPU
		{E152C4B8-30E2-4520-848E-3A5256D3DFD3}.Release|Any CPU.ActiveCfg = Release|Any CPU
		{E152C4B8-30E2-4520-848E-3A5256D3DFD3}.Release|Any CPU.Build.0 = Release|Any CPU
		{E152C4B8-30E2-4520-848E-3A5256D3DFD3}.Release|Mixed Platforms.ActiveCfg = Release|Any CPU
		{E152C4B8-30E2-4520-848E-3A5256D3DFD3}.Release|Mixed Platforms.Build.0 = Release|Any CPU
		{E152C4B8-30E2-4520-848E-3A5256D3DFD3}.Release|x86.ActiveCfg = Release|Any CPU
		{E152C4B8-30E2-4520-848E-3A5256D3DFD3}.UAT|Any CPU.ActiveCfg = UAT|Any CPU
		{E152C4B8-30E2-4520-848E-3A5256D3DFD3}.UAT|Any CPU.Build.0 = UAT|Any CPU
		{E152C4B8-30E2-4520-848E-3A5256D3DFD3}.UAT|Mixed Platforms.ActiveCfg = UAT|Any CPU
		{E152C4B8-30E2-4520-848E-3A5256D3DFD3}.UAT|Mixed Platforms.Build.0 = UAT|Any CPU
		{E152C4B8-30E2-4520-848E-3A5256D3DFD3}.UAT|x86.ActiveCfg = UAT|Any CPU
		{4EBDA3BB-5D03-4F0C-8B33-7DE400F39AAD}.CI|Any CPU.ActiveCfg = CI|Any CPU
		{4EBDA3BB-5D03-4F0C-8B33-7DE400F39AAD}.CI|Any CPU.Build.0 = CI|Any CPU
		{4EBDA3BB-5D03-4F0C-8B33-7DE400F39AAD}.CI|Mixed Platforms.ActiveCfg = CI|Any CPU
		{4EBDA3BB-5D03-4F0C-8B33-7DE400F39AAD}.CI|Mixed Platforms.Build.0 = CI|Any CPU
		{4EBDA3BB-5D03-4F0C-8B33-7DE400F39AAD}.CI|x86.ActiveCfg = CI|Any CPU
		{4EBDA3BB-5D03-4F0C-8B33-7DE400F39AAD}.Debug|Any CPU.ActiveCfg = Debug|Any CPU
		{4EBDA3BB-5D03-4F0C-8B33-7DE400F39AAD}.Debug|Any CPU.Build.0 = Debug|Any CPU
		{4EBDA3BB-5D03-4F0C-8B33-7DE400F39AAD}.Debug|Mixed Platforms.ActiveCfg = Debug|Any CPU
		{4EBDA3BB-5D03-4F0C-8B33-7DE400F39AAD}.Debug|Mixed Platforms.Build.0 = Debug|Any CPU
		{4EBDA3BB-5D03-4F0C-8B33-7DE400F39AAD}.Debug|x86.ActiveCfg = Debug|Any CPU
		{4EBDA3BB-5D03-4F0C-8B33-7DE400F39AAD}.LIVE|Any CPU.ActiveCfg = LIVE|Any CPU
		{4EBDA3BB-5D03-4F0C-8B33-7DE400F39AAD}.LIVE|Any CPU.Build.0 = LIVE|Any CPU
		{4EBDA3BB-5D03-4F0C-8B33-7DE400F39AAD}.LIVE|Mixed Platforms.ActiveCfg = LIVE|Any CPU
		{4EBDA3BB-5D03-4F0C-8B33-7DE400F39AAD}.LIVE|Mixed Platforms.Build.0 = LIVE|Any CPU
		{4EBDA3BB-5D03-4F0C-8B33-7DE400F39AAD}.LIVE|x86.ActiveCfg = LIVE|Any CPU
		{4EBDA3BB-5D03-4F0C-8B33-7DE400F39AAD}.Release|Any CPU.ActiveCfg = Release|Any CPU
		{4EBDA3BB-5D03-4F0C-8B33-7DE400F39AAD}.Release|Any CPU.Build.0 = Release|Any CPU
		{4EBDA3BB-5D03-4F0C-8B33-7DE400F39AAD}.Release|Mixed Platforms.ActiveCfg = Release|Any CPU
		{4EBDA3BB-5D03-4F0C-8B33-7DE400F39AAD}.Release|Mixed Platforms.Build.0 = Release|Any CPU
		{4EBDA3BB-5D03-4F0C-8B33-7DE400F39AAD}.Release|x86.ActiveCfg = Release|Any CPU
		{4EBDA3BB-5D03-4F0C-8B33-7DE400F39AAD}.UAT|Any CPU.ActiveCfg = UAT|Any CPU
		{4EBDA3BB-5D03-4F0C-8B33-7DE400F39AAD}.UAT|Any CPU.Build.0 = UAT|Any CPU
		{4EBDA3BB-5D03-4F0C-8B33-7DE400F39AAD}.UAT|Mixed Platforms.ActiveCfg = UAT|Any CPU
		{4EBDA3BB-5D03-4F0C-8B33-7DE400F39AAD}.UAT|Mixed Platforms.Build.0 = UAT|Any CPU
		{4EBDA3BB-5D03-4F0C-8B33-7DE400F39AAD}.UAT|x86.ActiveCfg = UAT|Any CPU
		{5B865F81-33F0-45FF-A23E-4899CB7187DD}.CI|Any CPU.ActiveCfg = CI|Any CPU
		{5B865F81-33F0-45FF-A23E-4899CB7187DD}.CI|Any CPU.Build.0 = CI|Any CPU
		{5B865F81-33F0-45FF-A23E-4899CB7187DD}.CI|Mixed Platforms.ActiveCfg = CI|Any CPU
		{5B865F81-33F0-45FF-A23E-4899CB7187DD}.CI|Mixed Platforms.Build.0 = CI|Any CPU
		{5B865F81-33F0-45FF-A23E-4899CB7187DD}.CI|x86.ActiveCfg = CI|Any CPU
		{5B865F81-33F0-45FF-A23E-4899CB7187DD}.Debug|Any CPU.ActiveCfg = Debug|Any CPU
		{5B865F81-33F0-45FF-A23E-4899CB7187DD}.Debug|Any CPU.Build.0 = Debug|Any CPU
		{5B865F81-33F0-45FF-A23E-4899CB7187DD}.Debug|Mixed Platforms.ActiveCfg = Debug|Any CPU
		{5B865F81-33F0-45FF-A23E-4899CB7187DD}.Debug|Mixed Platforms.Build.0 = Debug|Any CPU
		{5B865F81-33F0-45FF-A23E-4899CB7187DD}.Debug|x86.ActiveCfg = Debug|Any CPU
		{5B865F81-33F0-45FF-A23E-4899CB7187DD}.LIVE|Any CPU.ActiveCfg = LIVE|Any CPU
		{5B865F81-33F0-45FF-A23E-4899CB7187DD}.LIVE|Any CPU.Build.0 = LIVE|Any CPU
		{5B865F81-33F0-45FF-A23E-4899CB7187DD}.LIVE|Mixed Platforms.ActiveCfg = LIVE|Any CPU
		{5B865F81-33F0-45FF-A23E-4899CB7187DD}.LIVE|Mixed Platforms.Build.0 = LIVE|Any CPU
		{5B865F81-33F0-45FF-A23E-4899CB7187DD}.LIVE|x86.ActiveCfg = LIVE|Any CPU
		{5B865F81-33F0-45FF-A23E-4899CB7187DD}.Release|Any CPU.ActiveCfg = Release|Any CPU
		{5B865F81-33F0-45FF-A23E-4899CB7187DD}.Release|Any CPU.Build.0 = Release|Any CPU
		{5B865F81-33F0-45FF-A23E-4899CB7187DD}.Release|Mixed Platforms.ActiveCfg = Release|Any CPU
		{5B865F81-33F0-45FF-A23E-4899CB7187DD}.Release|Mixed Platforms.Build.0 = Release|Any CPU
		{5B865F81-33F0-45FF-A23E-4899CB7187DD}.Release|x86.ActiveCfg = Release|Any CPU
		{5B865F81-33F0-45FF-A23E-4899CB7187DD}.UAT|Any CPU.ActiveCfg = UAT|Any CPU
		{5B865F81-33F0-45FF-A23E-4899CB7187DD}.UAT|Any CPU.Build.0 = UAT|Any CPU
		{5B865F81-33F0-45FF-A23E-4899CB7187DD}.UAT|Mixed Platforms.ActiveCfg = UAT|Any CPU
		{5B865F81-33F0-45FF-A23E-4899CB7187DD}.UAT|Mixed Platforms.Build.0 = UAT|Any CPU
		{5B865F81-33F0-45FF-A23E-4899CB7187DD}.UAT|x86.ActiveCfg = UAT|Any CPU
		{9CAEB00B-32E2-4E42-91EC-97FB0E5E2529}.CI|Any CPU.ActiveCfg = CI|Any CPU
		{9CAEB00B-32E2-4E42-91EC-97FB0E5E2529}.CI|Any CPU.Build.0 = CI|Any CPU
		{9CAEB00B-32E2-4E42-91EC-97FB0E5E2529}.CI|Mixed Platforms.ActiveCfg = CI|Any CPU
		{9CAEB00B-32E2-4E42-91EC-97FB0E5E2529}.CI|Mixed Platforms.Build.0 = CI|Any CPU
		{9CAEB00B-32E2-4E42-91EC-97FB0E5E2529}.CI|x86.ActiveCfg = CI|Any CPU
		{9CAEB00B-32E2-4E42-91EC-97FB0E5E2529}.Debug|Any CPU.ActiveCfg = Debug|Any CPU
		{9CAEB00B-32E2-4E42-91EC-97FB0E5E2529}.Debug|Any CPU.Build.0 = Debug|Any CPU
		{9CAEB00B-32E2-4E42-91EC-97FB0E5E2529}.Debug|Mixed Platforms.ActiveCfg = Debug|Any CPU
		{9CAEB00B-32E2-4E42-91EC-97FB0E5E2529}.Debug|Mixed Platforms.Build.0 = Debug|Any CPU
		{9CAEB00B-32E2-4E42-91EC-97FB0E5E2529}.Debug|x86.ActiveCfg = Debug|Any CPU
		{9CAEB00B-32E2-4E42-91EC-97FB0E5E2529}.LIVE|Any CPU.ActiveCfg = LIVE|Any CPU
		{9CAEB00B-32E2-4E42-91EC-97FB0E5E2529}.LIVE|Any CPU.Build.0 = LIVE|Any CPU
		{9CAEB00B-32E2-4E42-91EC-97FB0E5E2529}.LIVE|Mixed Platforms.ActiveCfg = LIVE|Any CPU
		{9CAEB00B-32E2-4E42-91EC-97FB0E5E2529}.LIVE|Mixed Platforms.Build.0 = LIVE|Any CPU
		{9CAEB00B-32E2-4E42-91EC-97FB0E5E2529}.LIVE|x86.ActiveCfg = LIVE|Any CPU
		{9CAEB00B-32E2-4E42-91EC-97FB0E5E2529}.Release|Any CPU.ActiveCfg = Release|Any CPU
		{9CAEB00B-32E2-4E42-91EC-97FB0E5E2529}.Release|Any CPU.Build.0 = Release|Any CPU
		{9CAEB00B-32E2-4E42-91EC-97FB0E5E2529}.Release|Mixed Platforms.ActiveCfg = Release|Any CPU
		{9CAEB00B-32E2-4E42-91EC-97FB0E5E2529}.Release|Mixed Platforms.Build.0 = Release|Any CPU
		{9CAEB00B-32E2-4E42-91EC-97FB0E5E2529}.Release|x86.ActiveCfg = Release|Any CPU
		{9CAEB00B-32E2-4E42-91EC-97FB0E5E2529}.UAT|Any CPU.ActiveCfg = UAT|Any CPU
		{9CAEB00B-32E2-4E42-91EC-97FB0E5E2529}.UAT|Any CPU.Build.0 = UAT|Any CPU
		{9CAEB00B-32E2-4E42-91EC-97FB0E5E2529}.UAT|Mixed Platforms.ActiveCfg = UAT|Any CPU
		{9CAEB00B-32E2-4E42-91EC-97FB0E5E2529}.UAT|Mixed Platforms.Build.0 = UAT|Any CPU
		{9CAEB00B-32E2-4E42-91EC-97FB0E5E2529}.UAT|x86.ActiveCfg = UAT|Any CPU
		{94901BA5-BA98-46A5-A343-9729ED5550AB}.CI|Any CPU.ActiveCfg = CI|Any CPU
		{94901BA5-BA98-46A5-A343-9729ED5550AB}.CI|Any CPU.Build.0 = CI|Any CPU
		{94901BA5-BA98-46A5-A343-9729ED5550AB}.CI|Mixed Platforms.ActiveCfg = CI|Any CPU
		{94901BA5-BA98-46A5-A343-9729ED5550AB}.CI|Mixed Platforms.Build.0 = CI|Any CPU
		{94901BA5-BA98-46A5-A343-9729ED5550AB}.CI|x86.ActiveCfg = CI|Any CPU
		{94901BA5-BA98-46A5-A343-9729ED5550AB}.Debug|Any CPU.ActiveCfg = Debug|Any CPU
		{94901BA5-BA98-46A5-A343-9729ED5550AB}.Debug|Any CPU.Build.0 = Debug|Any CPU
		{94901BA5-BA98-46A5-A343-9729ED5550AB}.Debug|Mixed Platforms.ActiveCfg = Debug|Any CPU
		{94901BA5-BA98-46A5-A343-9729ED5550AB}.Debug|Mixed Platforms.Build.0 = Debug|Any CPU
		{94901BA5-BA98-46A5-A343-9729ED5550AB}.Debug|x86.ActiveCfg = Debug|Any CPU
		{94901BA5-BA98-46A5-A343-9729ED5550AB}.LIVE|Any CPU.ActiveCfg = LIVE|Any CPU
		{94901BA5-BA98-46A5-A343-9729ED5550AB}.LIVE|Any CPU.Build.0 = LIVE|Any CPU
		{94901BA5-BA98-46A5-A343-9729ED5550AB}.LIVE|Mixed Platforms.ActiveCfg = LIVE|Any CPU
		{94901BA5-BA98-46A5-A343-9729ED5550AB}.LIVE|Mixed Platforms.Build.0 = LIVE|Any CPU
		{94901BA5-BA98-46A5-A343-9729ED5550AB}.LIVE|x86.ActiveCfg = LIVE|Any CPU
		{94901BA5-BA98-46A5-A343-9729ED5550AB}.Release|Any CPU.ActiveCfg = Release|Any CPU
		{94901BA5-BA98-46A5-A343-9729ED5550AB}.Release|Any CPU.Build.0 = Release|Any CPU
		{94901BA5-BA98-46A5-A343-9729ED5550AB}.Release|Mixed Platforms.ActiveCfg = Release|Any CPU
		{94901BA5-BA98-46A5-A343-9729ED5550AB}.Release|Mixed Platforms.Build.0 = Release|Any CPU
		{94901BA5-BA98-46A5-A343-9729ED5550AB}.Release|x86.ActiveCfg = Release|Any CPU
		{94901BA5-BA98-46A5-A343-9729ED5550AB}.UAT|Any CPU.ActiveCfg = UAT|Any CPU
		{94901BA5-BA98-46A5-A343-9729ED5550AB}.UAT|Any CPU.Build.0 = UAT|Any CPU
		{94901BA5-BA98-46A5-A343-9729ED5550AB}.UAT|Mixed Platforms.ActiveCfg = UAT|Any CPU
		{94901BA5-BA98-46A5-A343-9729ED5550AB}.UAT|Mixed Platforms.Build.0 = UAT|Any CPU
		{94901BA5-BA98-46A5-A343-9729ED5550AB}.UAT|x86.ActiveCfg = UAT|Any CPU
		{EE24F1BE-1BB4-413F-895D-7DC49325F36A}.CI|Any CPU.ActiveCfg = Release|Any CPU
		{EE24F1BE-1BB4-413F-895D-7DC49325F36A}.CI|Any CPU.Build.0 = Release|Any CPU
		{EE24F1BE-1BB4-413F-895D-7DC49325F36A}.CI|Mixed Platforms.ActiveCfg = Release|Any CPU
		{EE24F1BE-1BB4-413F-895D-7DC49325F36A}.CI|Mixed Platforms.Build.0 = Release|Any CPU
		{EE24F1BE-1BB4-413F-895D-7DC49325F36A}.CI|x86.ActiveCfg = Release|Any CPU
		{EE24F1BE-1BB4-413F-895D-7DC49325F36A}.Debug|Any CPU.ActiveCfg = Debug|Any CPU
		{EE24F1BE-1BB4-413F-895D-7DC49325F36A}.Debug|Any CPU.Build.0 = Debug|Any CPU
		{EE24F1BE-1BB4-413F-895D-7DC49325F36A}.Debug|Mixed Platforms.ActiveCfg = Debug|Any CPU
		{EE24F1BE-1BB4-413F-895D-7DC49325F36A}.Debug|Mixed Platforms.Build.0 = Debug|Any CPU
		{EE24F1BE-1BB4-413F-895D-7DC49325F36A}.Debug|x86.ActiveCfg = Debug|Any CPU
		{EE24F1BE-1BB4-413F-895D-7DC49325F36A}.LIVE|Any CPU.ActiveCfg = Release|Any CPU
		{EE24F1BE-1BB4-413F-895D-7DC49325F36A}.LIVE|Any CPU.Build.0 = Release|Any CPU
		{EE24F1BE-1BB4-413F-895D-7DC49325F36A}.LIVE|Mixed Platforms.ActiveCfg = Release|Any CPU
		{EE24F1BE-1BB4-413F-895D-7DC49325F36A}.LIVE|Mixed Platforms.Build.0 = Release|Any CPU
		{EE24F1BE-1BB4-413F-895D-7DC49325F36A}.LIVE|x86.ActiveCfg = Release|Any CPU
		{EE24F1BE-1BB4-413F-895D-7DC49325F36A}.Release|Any CPU.ActiveCfg = Release|Any CPU
		{EE24F1BE-1BB4-413F-895D-7DC49325F36A}.Release|Any CPU.Build.0 = Release|Any CPU
		{EE24F1BE-1BB4-413F-895D-7DC49325F36A}.Release|Mixed Platforms.ActiveCfg = Release|Any CPU
		{EE24F1BE-1BB4-413F-895D-7DC49325F36A}.Release|Mixed Platforms.Build.0 = Release|Any CPU
		{EE24F1BE-1BB4-413F-895D-7DC49325F36A}.Release|x86.ActiveCfg = Release|Any CPU
		{EE24F1BE-1BB4-413F-895D-7DC49325F36A}.UAT|Any CPU.ActiveCfg = Release|Any CPU
		{EE24F1BE-1BB4-413F-895D-7DC49325F36A}.UAT|Any CPU.Build.0 = Release|Any CPU
		{EE24F1BE-1BB4-413F-895D-7DC49325F36A}.UAT|Mixed Platforms.ActiveCfg = Release|Any CPU
		{EE24F1BE-1BB4-413F-895D-7DC49325F36A}.UAT|Mixed Platforms.Build.0 = Release|Any CPU
		{EE24F1BE-1BB4-413F-895D-7DC49325F36A}.UAT|x86.ActiveCfg = Release|Any CPU
		{775C6D2F-5AF3-4756-846C-EDE820508030}.CI|Any CPU.ActiveCfg = Release|Any CPU
		{775C6D2F-5AF3-4756-846C-EDE820508030}.CI|Any CPU.Build.0 = Release|Any CPU
		{775C6D2F-5AF3-4756-846C-EDE820508030}.CI|Mixed Platforms.ActiveCfg = Release|Any CPU
		{775C6D2F-5AF3-4756-846C-EDE820508030}.CI|Mixed Platforms.Build.0 = Release|Any CPU
		{775C6D2F-5AF3-4756-846C-EDE820508030}.CI|x86.ActiveCfg = Release|Any CPU
		{775C6D2F-5AF3-4756-846C-EDE820508030}.Debug|Any CPU.ActiveCfg = Debug|Any CPU
		{775C6D2F-5AF3-4756-846C-EDE820508030}.Debug|Any CPU.Build.0 = Debug|Any CPU
		{775C6D2F-5AF3-4756-846C-EDE820508030}.Debug|Mixed Platforms.ActiveCfg = Debug|Any CPU
		{775C6D2F-5AF3-4756-846C-EDE820508030}.Debug|Mixed Platforms.Build.0 = Debug|Any CPU
		{775C6D2F-5AF3-4756-846C-EDE820508030}.Debug|x86.ActiveCfg = Debug|Any CPU
		{775C6D2F-5AF3-4756-846C-EDE820508030}.LIVE|Any CPU.ActiveCfg = Release|Any CPU
		{775C6D2F-5AF3-4756-846C-EDE820508030}.LIVE|Any CPU.Build.0 = Release|Any CPU
		{775C6D2F-5AF3-4756-846C-EDE820508030}.LIVE|Mixed Platforms.ActiveCfg = Release|Any CPU
		{775C6D2F-5AF3-4756-846C-EDE820508030}.LIVE|Mixed Platforms.Build.0 = Release|Any CPU
		{775C6D2F-5AF3-4756-846C-EDE820508030}.LIVE|x86.ActiveCfg = Release|Any CPU
		{775C6D2F-5AF3-4756-846C-EDE820508030}.Release|Any CPU.ActiveCfg = Release|Any CPU
		{775C6D2F-5AF3-4756-846C-EDE820508030}.Release|Any CPU.Build.0 = Release|Any CPU
		{775C6D2F-5AF3-4756-846C-EDE820508030}.Release|Mixed Platforms.ActiveCfg = Release|Any CPU
		{775C6D2F-5AF3-4756-846C-EDE820508030}.Release|Mixed Platforms.Build.0 = Release|Any CPU
		{775C6D2F-5AF3-4756-846C-EDE820508030}.Release|x86.ActiveCfg = Release|Any CPU
		{775C6D2F-5AF3-4756-846C-EDE820508030}.UAT|Any CPU.ActiveCfg = Release|Any CPU
		{775C6D2F-5AF3-4756-846C-EDE820508030}.UAT|Any CPU.Build.0 = Release|Any CPU
		{775C6D2F-5AF3-4756-846C-EDE820508030}.UAT|Mixed Platforms.ActiveCfg = Release|Any CPU
		{775C6D2F-5AF3-4756-846C-EDE820508030}.UAT|Mixed Platforms.Build.0 = Release|Any CPU
		{775C6D2F-5AF3-4756-846C-EDE820508030}.UAT|x86.ActiveCfg = Release|Any CPU
		{4305DE86-77B8-4709-ADF4-7608223C0620}.CI|Any CPU.ActiveCfg = Release|x86
		{4305DE86-77B8-4709-ADF4-7608223C0620}.CI|Mixed Platforms.ActiveCfg = Release|x86
		{4305DE86-77B8-4709-ADF4-7608223C0620}.CI|Mixed Platforms.Build.0 = Release|x86
		{4305DE86-77B8-4709-ADF4-7608223C0620}.CI|x86.ActiveCfg = Release|x86
		{4305DE86-77B8-4709-ADF4-7608223C0620}.CI|x86.Build.0 = Release|x86
		{4305DE86-77B8-4709-ADF4-7608223C0620}.Debug|Any CPU.ActiveCfg = Debug|x86
		{4305DE86-77B8-4709-ADF4-7608223C0620}.Debug|Any CPU.Build.0 = Debug|x86
		{4305DE86-77B8-4709-ADF4-7608223C0620}.Debug|Mixed Platforms.ActiveCfg = Debug|x86
		{4305DE86-77B8-4709-ADF4-7608223C0620}.Debug|Mixed Platforms.Build.0 = Debug|x86
		{4305DE86-77B8-4709-ADF4-7608223C0620}.Debug|x86.ActiveCfg = Debug|x86
		{4305DE86-77B8-4709-ADF4-7608223C0620}.Debug|x86.Build.0 = Debug|x86
		{4305DE86-77B8-4709-ADF4-7608223C0620}.LIVE|Any CPU.ActiveCfg = Release|x86
		{4305DE86-77B8-4709-ADF4-7608223C0620}.LIVE|Mixed Platforms.ActiveCfg = Release|x86
		{4305DE86-77B8-4709-ADF4-7608223C0620}.LIVE|Mixed Platforms.Build.0 = Release|x86
		{4305DE86-77B8-4709-ADF4-7608223C0620}.LIVE|x86.ActiveCfg = Release|x86
		{4305DE86-77B8-4709-ADF4-7608223C0620}.LIVE|x86.Build.0 = Release|x86
		{4305DE86-77B8-4709-ADF4-7608223C0620}.Release|Any CPU.ActiveCfg = Release|x86
		{4305DE86-77B8-4709-ADF4-7608223C0620}.Release|Mixed Platforms.ActiveCfg = Release|x86
		{4305DE86-77B8-4709-ADF4-7608223C0620}.Release|Mixed Platforms.Build.0 = Release|x86
		{4305DE86-77B8-4709-ADF4-7608223C0620}.Release|x86.ActiveCfg = Release|x86
		{4305DE86-77B8-4709-ADF4-7608223C0620}.Release|x86.Build.0 = Release|x86
		{4305DE86-77B8-4709-ADF4-7608223C0620}.UAT|Any CPU.ActiveCfg = Release|x86
		{4305DE86-77B8-4709-ADF4-7608223C0620}.UAT|Mixed Platforms.ActiveCfg = Release|x86
		{4305DE86-77B8-4709-ADF4-7608223C0620}.UAT|Mixed Platforms.Build.0 = Release|x86
		{4305DE86-77B8-4709-ADF4-7608223C0620}.UAT|x86.ActiveCfg = Release|x86
		{4305DE86-77B8-4709-ADF4-7608223C0620}.UAT|x86.Build.0 = Release|x86
		{CFC682DE-01ED-45D9-925A-8F764368514A}.CI|Any CPU.ActiveCfg = Release|Any CPU
		{CFC682DE-01ED-45D9-925A-8F764368514A}.CI|Any CPU.Build.0 = Release|Any CPU
		{CFC682DE-01ED-45D9-925A-8F764368514A}.CI|Mixed Platforms.ActiveCfg = Release|Any CPU
		{CFC682DE-01ED-45D9-925A-8F764368514A}.CI|Mixed Platforms.Build.0 = Release|Any CPU
		{CFC682DE-01ED-45D9-925A-8F764368514A}.CI|x86.ActiveCfg = Release|Any CPU
		{CFC682DE-01ED-45D9-925A-8F764368514A}.Debug|Any CPU.ActiveCfg = Debug|Any CPU
		{CFC682DE-01ED-45D9-925A-8F764368514A}.Debug|Any CPU.Build.0 = Debug|Any CPU
		{CFC682DE-01ED-45D9-925A-8F764368514A}.Debug|Mixed Platforms.ActiveCfg = Debug|Any CPU
		{CFC682DE-01ED-45D9-925A-8F764368514A}.Debug|Mixed Platforms.Build.0 = Debug|Any CPU
		{CFC682DE-01ED-45D9-925A-8F764368514A}.Debug|x86.ActiveCfg = Debug|Any CPU
		{CFC682DE-01ED-45D9-925A-8F764368514A}.LIVE|Any CPU.ActiveCfg = Release|Any CPU
		{CFC682DE-01ED-45D9-925A-8F764368514A}.LIVE|Any CPU.Build.0 = Release|Any CPU
		{CFC682DE-01ED-45D9-925A-8F764368514A}.LIVE|Mixed Platforms.ActiveCfg = Release|Any CPU
		{CFC682DE-01ED-45D9-925A-8F764368514A}.LIVE|Mixed Platforms.Build.0 = Release|Any CPU
		{CFC682DE-01ED-45D9-925A-8F764368514A}.LIVE|x86.ActiveCfg = Release|Any CPU
		{CFC682DE-01ED-45D9-925A-8F764368514A}.Release|Any CPU.ActiveCfg = Release|Any CPU
		{CFC682DE-01ED-45D9-925A-8F764368514A}.Release|Any CPU.Build.0 = Release|Any CPU
		{CFC682DE-01ED-45D9-925A-8F764368514A}.Release|Mixed Platforms.ActiveCfg = Release|Any CPU
		{CFC682DE-01ED-45D9-925A-8F764368514A}.Release|Mixed Platforms.Build.0 = Release|Any CPU
		{CFC682DE-01ED-45D9-925A-8F764368514A}.Release|x86.ActiveCfg = Release|Any CPU
		{CFC682DE-01ED-45D9-925A-8F764368514A}.UAT|Any CPU.ActiveCfg = Release|Any CPU
		{CFC682DE-01ED-45D9-925A-8F764368514A}.UAT|Any CPU.Build.0 = Release|Any CPU
		{CFC682DE-01ED-45D9-925A-8F764368514A}.UAT|Mixed Platforms.ActiveCfg = Release|Any CPU
		{CFC682DE-01ED-45D9-925A-8F764368514A}.UAT|Mixed Platforms.Build.0 = Release|Any CPU
		{CFC682DE-01ED-45D9-925A-8F764368514A}.UAT|x86.ActiveCfg = Release|Any CPU
		{2F802F88-FBF0-49DB-8D24-03F0EC3511E1}.CI|Any CPU.ActiveCfg = Release|Any CPU
		{2F802F88-FBF0-49DB-8D24-03F0EC3511E1}.CI|Any CPU.Build.0 = Release|Any CPU
		{2F802F88-FBF0-49DB-8D24-03F0EC3511E1}.CI|Mixed Platforms.ActiveCfg = Release|Any CPU
		{2F802F88-FBF0-49DB-8D24-03F0EC3511E1}.CI|Mixed Platforms.Build.0 = Release|Any CPU
		{2F802F88-FBF0-49DB-8D24-03F0EC3511E1}.CI|x86.ActiveCfg = Release|Any CPU
		{2F802F88-FBF0-49DB-8D24-03F0EC3511E1}.Debug|Any CPU.ActiveCfg = Debug|Any CPU
		{2F802F88-FBF0-49DB-8D24-03F0EC3511E1}.Debug|Any CPU.Build.0 = Debug|Any CPU
		{2F802F88-FBF0-49DB-8D24-03F0EC3511E1}.Debug|Mixed Platforms.ActiveCfg = Debug|Any CPU
		{2F802F88-FBF0-49DB-8D24-03F0EC3511E1}.Debug|Mixed Platforms.Build.0 = Debug|Any CPU
		{2F802F88-FBF0-49DB-8D24-03F0EC3511E1}.Debug|x86.ActiveCfg = Debug|Any CPU
		{2F802F88-FBF0-49DB-8D24-03F0EC3511E1}.LIVE|Any CPU.ActiveCfg = Release|Any CPU
		{2F802F88-FBF0-49DB-8D24-03F0EC3511E1}.LIVE|Any CPU.Build.0 = Release|Any CPU
		{2F802F88-FBF0-49DB-8D24-03F0EC3511E1}.LIVE|Mixed Platforms.ActiveCfg = Release|Any CPU
		{2F802F88-FBF0-49DB-8D24-03F0EC3511E1}.LIVE|Mixed Platforms.Build.0 = Release|Any CPU
		{2F802F88-FBF0-49DB-8D24-03F0EC3511E1}.LIVE|x86.ActiveCfg = Release|Any CPU
		{2F802F88-FBF0-49DB-8D24-03F0EC3511E1}.Release|Any CPU.ActiveCfg = Release|Any CPU
		{2F802F88-FBF0-49DB-8D24-03F0EC3511E1}.Release|Any CPU.Build.0 = Release|Any CPU
		{2F802F88-FBF0-49DB-8D24-03F0EC3511E1}.Release|Mixed Platforms.ActiveCfg = Release|Any CPU
		{2F802F88-FBF0-49DB-8D24-03F0EC3511E1}.Release|Mixed Platforms.Build.0 = Release|Any CPU
		{2F802F88-FBF0-49DB-8D24-03F0EC3511E1}.Release|x86.ActiveCfg = Release|Any CPU
		{2F802F88-FBF0-49DB-8D24-03F0EC3511E1}.UAT|Any CPU.ActiveCfg = Release|Any CPU
		{2F802F88-FBF0-49DB-8D24-03F0EC3511E1}.UAT|Any CPU.Build.0 = Release|Any CPU
		{2F802F88-FBF0-49DB-8D24-03F0EC3511E1}.UAT|Mixed Platforms.ActiveCfg = Release|Any CPU
		{2F802F88-FBF0-49DB-8D24-03F0EC3511E1}.UAT|Mixed Platforms.Build.0 = Release|Any CPU
		{2F802F88-FBF0-49DB-8D24-03F0EC3511E1}.UAT|x86.ActiveCfg = Release|Any CPU
		{2FAE47AD-2C27-4A38-BA85-5AB2167B583E}.CI|Any CPU.ActiveCfg = Release|Any CPU
		{2FAE47AD-2C27-4A38-BA85-5AB2167B583E}.CI|Any CPU.Build.0 = Release|Any CPU
		{2FAE47AD-2C27-4A38-BA85-5AB2167B583E}.CI|Mixed Platforms.ActiveCfg = Release|Any CPU
		{2FAE47AD-2C27-4A38-BA85-5AB2167B583E}.CI|Mixed Platforms.Build.0 = Release|Any CPU
		{2FAE47AD-2C27-4A38-BA85-5AB2167B583E}.CI|x86.ActiveCfg = Release|Any CPU
		{2FAE47AD-2C27-4A38-BA85-5AB2167B583E}.Debug|Any CPU.ActiveCfg = Debug|Any CPU
		{2FAE47AD-2C27-4A38-BA85-5AB2167B583E}.Debug|Any CPU.Build.0 = Debug|Any CPU
		{2FAE47AD-2C27-4A38-BA85-5AB2167B583E}.Debug|Mixed Platforms.ActiveCfg = Debug|Any CPU
		{2FAE47AD-2C27-4A38-BA85-5AB2167B583E}.Debug|Mixed Platforms.Build.0 = Debug|Any CPU
		{2FAE47AD-2C27-4A38-BA85-5AB2167B583E}.Debug|x86.ActiveCfg = Debug|Any CPU
		{2FAE47AD-2C27-4A38-BA85-5AB2167B583E}.LIVE|Any CPU.ActiveCfg = Release|Any CPU
		{2FAE47AD-2C27-4A38-BA85-5AB2167B583E}.LIVE|Any CPU.Build.0 = Release|Any CPU
		{2FAE47AD-2C27-4A38-BA85-5AB2167B583E}.LIVE|Mixed Platforms.ActiveCfg = Release|Any CPU
		{2FAE47AD-2C27-4A38-BA85-5AB2167B583E}.LIVE|Mixed Platforms.Build.0 = Release|Any CPU
		{2FAE47AD-2C27-4A38-BA85-5AB2167B583E}.LIVE|x86.ActiveCfg = Release|Any CPU
		{2FAE47AD-2C27-4A38-BA85-5AB2167B583E}.Release|Any CPU.ActiveCfg = Release|Any CPU
		{2FAE47AD-2C27-4A38-BA85-5AB2167B583E}.Release|Any CPU.Build.0 = Release|Any CPU
		{2FAE47AD-2C27-4A38-BA85-5AB2167B583E}.Release|Mixed Platforms.ActiveCfg = Release|Any CPU
		{2FAE47AD-2C27-4A38-BA85-5AB2167B583E}.Release|Mixed Platforms.Build.0 = Release|Any CPU
		{2FAE47AD-2C27-4A38-BA85-5AB2167B583E}.Release|x86.ActiveCfg = Release|Any CPU
		{2FAE47AD-2C27-4A38-BA85-5AB2167B583E}.UAT|Any CPU.ActiveCfg = Release|Any CPU
		{2FAE47AD-2C27-4A38-BA85-5AB2167B583E}.UAT|Any CPU.Build.0 = Release|Any CPU
		{2FAE47AD-2C27-4A38-BA85-5AB2167B583E}.UAT|Mixed Platforms.ActiveCfg = Release|Any CPU
		{2FAE47AD-2C27-4A38-BA85-5AB2167B583E}.UAT|Mixed Platforms.Build.0 = Release|Any CPU
		{2FAE47AD-2C27-4A38-BA85-5AB2167B583E}.UAT|x86.ActiveCfg = Release|Any CPU
		{56FFA5A2-0233-4296-9EC5-A201DB661939}.CI|Any CPU.ActiveCfg = Release|x86
		{56FFA5A2-0233-4296-9EC5-A201DB661939}.CI|Mixed Platforms.ActiveCfg = Release|x86
		{56FFA5A2-0233-4296-9EC5-A201DB661939}.CI|Mixed Platforms.Build.0 = Release|x86
		{56FFA5A2-0233-4296-9EC5-A201DB661939}.CI|x86.ActiveCfg = Release|x86
		{56FFA5A2-0233-4296-9EC5-A201DB661939}.CI|x86.Build.0 = Release|x86
		{56FFA5A2-0233-4296-9EC5-A201DB661939}.Debug|Any CPU.ActiveCfg = Debug|x86
		{56FFA5A2-0233-4296-9EC5-A201DB661939}.Debug|Any CPU.Build.0 = Debug|x86
		{56FFA5A2-0233-4296-9EC5-A201DB661939}.Debug|Mixed Platforms.ActiveCfg = Debug|x86
		{56FFA5A2-0233-4296-9EC5-A201DB661939}.Debug|Mixed Platforms.Build.0 = Debug|x86
		{56FFA5A2-0233-4296-9EC5-A201DB661939}.Debug|x86.ActiveCfg = Debug|x86
		{56FFA5A2-0233-4296-9EC5-A201DB661939}.Debug|x86.Build.0 = Debug|x86
		{56FFA5A2-0233-4296-9EC5-A201DB661939}.LIVE|Any CPU.ActiveCfg = Release|x86
		{56FFA5A2-0233-4296-9EC5-A201DB661939}.LIVE|Mixed Platforms.ActiveCfg = Release|x86
		{56FFA5A2-0233-4296-9EC5-A201DB661939}.LIVE|Mixed Platforms.Build.0 = Release|x86
		{56FFA5A2-0233-4296-9EC5-A201DB661939}.LIVE|x86.ActiveCfg = Release|x86
		{56FFA5A2-0233-4296-9EC5-A201DB661939}.LIVE|x86.Build.0 = Release|x86
		{56FFA5A2-0233-4296-9EC5-A201DB661939}.Release|Any CPU.ActiveCfg = Release|x86
		{56FFA5A2-0233-4296-9EC5-A201DB661939}.Release|Mixed Platforms.ActiveCfg = Release|x86
		{56FFA5A2-0233-4296-9EC5-A201DB661939}.Release|Mixed Platforms.Build.0 = Release|x86
		{56FFA5A2-0233-4296-9EC5-A201DB661939}.Release|x86.ActiveCfg = Release|x86
		{56FFA5A2-0233-4296-9EC5-A201DB661939}.Release|x86.Build.0 = Release|x86
		{56FFA5A2-0233-4296-9EC5-A201DB661939}.UAT|Any CPU.ActiveCfg = Release|x86
		{56FFA5A2-0233-4296-9EC5-A201DB661939}.UAT|Mixed Platforms.ActiveCfg = Release|x86
		{56FFA5A2-0233-4296-9EC5-A201DB661939}.UAT|Mixed Platforms.Build.0 = Release|x86
		{56FFA5A2-0233-4296-9EC5-A201DB661939}.UAT|x86.ActiveCfg = Release|x86
		{56FFA5A2-0233-4296-9EC5-A201DB661939}.UAT|x86.Build.0 = Release|x86
		{6B51FDB5-DA8C-4DF9-84D6-068AB16996B2}.CI|Any CPU.ActiveCfg = Release|x86
		{6B51FDB5-DA8C-4DF9-84D6-068AB16996B2}.CI|Mixed Platforms.ActiveCfg = Release|x86
		{6B51FDB5-DA8C-4DF9-84D6-068AB16996B2}.CI|Mixed Platforms.Build.0 = Release|x86
		{6B51FDB5-DA8C-4DF9-84D6-068AB16996B2}.CI|x86.ActiveCfg = Release|x86
		{6B51FDB5-DA8C-4DF9-84D6-068AB16996B2}.CI|x86.Build.0 = Release|x86
		{6B51FDB5-DA8C-4DF9-84D6-068AB16996B2}.Debug|Any CPU.ActiveCfg = Debug|x86
		{6B51FDB5-DA8C-4DF9-84D6-068AB16996B2}.Debug|Any CPU.Build.0 = Debug|x86
		{6B51FDB5-DA8C-4DF9-84D6-068AB16996B2}.Debug|Mixed Platforms.ActiveCfg = Debug|x86
		{6B51FDB5-DA8C-4DF9-84D6-068AB16996B2}.Debug|Mixed Platforms.Build.0 = Debug|x86
		{6B51FDB5-DA8C-4DF9-84D6-068AB16996B2}.Debug|x86.ActiveCfg = Debug|x86
		{6B51FDB5-DA8C-4DF9-84D6-068AB16996B2}.Debug|x86.Build.0 = Debug|x86
		{6B51FDB5-DA8C-4DF9-84D6-068AB16996B2}.LIVE|Any CPU.ActiveCfg = Release|x86
		{6B51FDB5-DA8C-4DF9-84D6-068AB16996B2}.LIVE|Mixed Platforms.ActiveCfg = Release|x86
		{6B51FDB5-DA8C-4DF9-84D6-068AB16996B2}.LIVE|Mixed Platforms.Build.0 = Release|x86
		{6B51FDB5-DA8C-4DF9-84D6-068AB16996B2}.LIVE|x86.ActiveCfg = Release|x86
		{6B51FDB5-DA8C-4DF9-84D6-068AB16996B2}.LIVE|x86.Build.0 = Release|x86
		{6B51FDB5-DA8C-4DF9-84D6-068AB16996B2}.Release|Any CPU.ActiveCfg = Release|x86
		{6B51FDB5-DA8C-4DF9-84D6-068AB16996B2}.Release|Mixed Platforms.ActiveCfg = Release|x86
		{6B51FDB5-DA8C-4DF9-84D6-068AB16996B2}.Release|Mixed Platforms.Build.0 = Release|x86
		{6B51FDB5-DA8C-4DF9-84D6-068AB16996B2}.Release|x86.ActiveCfg = Release|x86
		{6B51FDB5-DA8C-4DF9-84D6-068AB16996B2}.Release|x86.Build.0 = Release|x86
		{6B51FDB5-DA8C-4DF9-84D6-068AB16996B2}.UAT|Any CPU.ActiveCfg = Release|x86
		{6B51FDB5-DA8C-4DF9-84D6-068AB16996B2}.UAT|Mixed Platforms.ActiveCfg = Release|x86
		{6B51FDB5-DA8C-4DF9-84D6-068AB16996B2}.UAT|Mixed Platforms.Build.0 = Release|x86
		{6B51FDB5-DA8C-4DF9-84D6-068AB16996B2}.UAT|x86.ActiveCfg = Release|x86
		{6B51FDB5-DA8C-4DF9-84D6-068AB16996B2}.UAT|x86.Build.0 = Release|x86
		{14F17C94-4277-47C7-988C-A8630F3F9E24}.CI|Any CPU.ActiveCfg = CI|Any CPU
		{14F17C94-4277-47C7-988C-A8630F3F9E24}.CI|Any CPU.Build.0 = CI|Any CPU
		{14F17C94-4277-47C7-988C-A8630F3F9E24}.CI|Mixed Platforms.ActiveCfg = CI|Any CPU
		{14F17C94-4277-47C7-988C-A8630F3F9E24}.CI|Mixed Platforms.Build.0 = CI|Any CPU
		{14F17C94-4277-47C7-988C-A8630F3F9E24}.CI|x86.ActiveCfg = CI|Any CPU
		{14F17C94-4277-47C7-988C-A8630F3F9E24}.Debug|Any CPU.ActiveCfg = Debug|Any CPU
		{14F17C94-4277-47C7-988C-A8630F3F9E24}.Debug|Any CPU.Build.0 = Debug|Any CPU
		{14F17C94-4277-47C7-988C-A8630F3F9E24}.Debug|Mixed Platforms.ActiveCfg = Debug|Any CPU
		{14F17C94-4277-47C7-988C-A8630F3F9E24}.Debug|Mixed Platforms.Build.0 = Debug|Any CPU
		{14F17C94-4277-47C7-988C-A8630F3F9E24}.Debug|x86.ActiveCfg = Debug|Any CPU
		{14F17C94-4277-47C7-988C-A8630F3F9E24}.LIVE|Any CPU.ActiveCfg = LIVE|Any CPU
		{14F17C94-4277-47C7-988C-A8630F3F9E24}.LIVE|Any CPU.Build.0 = LIVE|Any CPU
		{14F17C94-4277-47C7-988C-A8630F3F9E24}.LIVE|Mixed Platforms.ActiveCfg = LIVE|Any CPU
		{14F17C94-4277-47C7-988C-A8630F3F9E24}.LIVE|Mixed Platforms.Build.0 = LIVE|Any CPU
		{14F17C94-4277-47C7-988C-A8630F3F9E24}.LIVE|x86.ActiveCfg = LIVE|Any CPU
		{14F17C94-4277-47C7-988C-A8630F3F9E24}.Release|Any CPU.ActiveCfg = Release|Any CPU
		{14F17C94-4277-47C7-988C-A8630F3F9E24}.Release|Any CPU.Build.0 = Release|Any CPU
		{14F17C94-4277-47C7-988C-A8630F3F9E24}.Release|Mixed Platforms.ActiveCfg = Release|Any CPU
		{14F17C94-4277-47C7-988C-A8630F3F9E24}.Release|Mixed Platforms.Build.0 = Release|Any CPU
		{14F17C94-4277-47C7-988C-A8630F3F9E24}.Release|x86.ActiveCfg = Release|Any CPU
		{14F17C94-4277-47C7-988C-A8630F3F9E24}.UAT|Any CPU.ActiveCfg = UAT|Any CPU
		{14F17C94-4277-47C7-988C-A8630F3F9E24}.UAT|Any CPU.Build.0 = UAT|Any CPU
		{14F17C94-4277-47C7-988C-A8630F3F9E24}.UAT|Mixed Platforms.ActiveCfg = UAT|Any CPU
		{14F17C94-4277-47C7-988C-A8630F3F9E24}.UAT|Mixed Platforms.Build.0 = UAT|Any CPU
		{14F17C94-4277-47C7-988C-A8630F3F9E24}.UAT|x86.ActiveCfg = UAT|Any CPU
		{3FEEB2D2-DCF5-404F-A2FD-134987A8DE39}.CI|Any CPU.ActiveCfg = Release|x86
		{3FEEB2D2-DCF5-404F-A2FD-134987A8DE39}.CI|Mixed Platforms.ActiveCfg = Release|x86
		{3FEEB2D2-DCF5-404F-A2FD-134987A8DE39}.CI|Mixed Platforms.Build.0 = Release|x86
		{3FEEB2D2-DCF5-404F-A2FD-134987A8DE39}.CI|x86.ActiveCfg = Release|x86
		{3FEEB2D2-DCF5-404F-A2FD-134987A8DE39}.CI|x86.Build.0 = Release|x86
		{3FEEB2D2-DCF5-404F-A2FD-134987A8DE39}.Debug|Any CPU.ActiveCfg = Debug|x86
		{3FEEB2D2-DCF5-404F-A2FD-134987A8DE39}.Debug|Mixed Platforms.ActiveCfg = Release|x86
		{3FEEB2D2-DCF5-404F-A2FD-134987A8DE39}.Debug|Mixed Platforms.Build.0 = Release|x86
		{3FEEB2D2-DCF5-404F-A2FD-134987A8DE39}.Debug|x86.ActiveCfg = Debug|x86
		{3FEEB2D2-DCF5-404F-A2FD-134987A8DE39}.Debug|x86.Build.0 = Debug|x86
		{3FEEB2D2-DCF5-404F-A2FD-134987A8DE39}.LIVE|Any CPU.ActiveCfg = Release|x86
		{3FEEB2D2-DCF5-404F-A2FD-134987A8DE39}.LIVE|Mixed Platforms.ActiveCfg = Release|x86
		{3FEEB2D2-DCF5-404F-A2FD-134987A8DE39}.LIVE|Mixed Platforms.Build.0 = Release|x86
		{3FEEB2D2-DCF5-404F-A2FD-134987A8DE39}.LIVE|x86.ActiveCfg = Release|x86
		{3FEEB2D2-DCF5-404F-A2FD-134987A8DE39}.LIVE|x86.Build.0 = Release|x86
		{3FEEB2D2-DCF5-404F-A2FD-134987A8DE39}.Release|Any CPU.ActiveCfg = Release|x86
		{3FEEB2D2-DCF5-404F-A2FD-134987A8DE39}.Release|Mixed Platforms.ActiveCfg = Release|x86
		{3FEEB2D2-DCF5-404F-A2FD-134987A8DE39}.Release|Mixed Platforms.Build.0 = Release|x86
		{3FEEB2D2-DCF5-404F-A2FD-134987A8DE39}.Release|x86.ActiveCfg = Release|x86
		{3FEEB2D2-DCF5-404F-A2FD-134987A8DE39}.Release|x86.Build.0 = Release|x86
		{3FEEB2D2-DCF5-404F-A2FD-134987A8DE39}.UAT|Any CPU.ActiveCfg = Release|x86
		{3FEEB2D2-DCF5-404F-A2FD-134987A8DE39}.UAT|Mixed Platforms.ActiveCfg = Release|x86
		{3FEEB2D2-DCF5-404F-A2FD-134987A8DE39}.UAT|Mixed Platforms.Build.0 = Release|x86
		{3FEEB2D2-DCF5-404F-A2FD-134987A8DE39}.UAT|x86.ActiveCfg = Release|x86
		{3FEEB2D2-DCF5-404F-A2FD-134987A8DE39}.UAT|x86.Build.0 = Release|x86
		{BF09FA50-E76D-4458-96FC-1F83612CF22A}.CI|Any CPU.ActiveCfg = Release|x86
		{BF09FA50-E76D-4458-96FC-1F83612CF22A}.CI|Mixed Platforms.ActiveCfg = Release|x86
		{BF09FA50-E76D-4458-96FC-1F83612CF22A}.CI|Mixed Platforms.Build.0 = Release|x86
		{BF09FA50-E76D-4458-96FC-1F83612CF22A}.CI|x86.ActiveCfg = Release|x86
		{BF09FA50-E76D-4458-96FC-1F83612CF22A}.CI|x86.Build.0 = Release|x86
		{BF09FA50-E76D-4458-96FC-1F83612CF22A}.Debug|Any CPU.ActiveCfg = Debug|x86
		{BF09FA50-E76D-4458-96FC-1F83612CF22A}.Debug|Mixed Platforms.ActiveCfg = Debug|x86
		{BF09FA50-E76D-4458-96FC-1F83612CF22A}.Debug|Mixed Platforms.Build.0 = Debug|x86
		{BF09FA50-E76D-4458-96FC-1F83612CF22A}.Debug|x86.ActiveCfg = Debug|x86
		{BF09FA50-E76D-4458-96FC-1F83612CF22A}.Debug|x86.Build.0 = Debug|x86
		{BF09FA50-E76D-4458-96FC-1F83612CF22A}.LIVE|Any CPU.ActiveCfg = Release|x86
		{BF09FA50-E76D-4458-96FC-1F83612CF22A}.LIVE|Mixed Platforms.ActiveCfg = Release|x86
		{BF09FA50-E76D-4458-96FC-1F83612CF22A}.LIVE|Mixed Platforms.Build.0 = Release|x86
		{BF09FA50-E76D-4458-96FC-1F83612CF22A}.LIVE|x86.ActiveCfg = Release|x86
		{BF09FA50-E76D-4458-96FC-1F83612CF22A}.LIVE|x86.Build.0 = Release|x86
		{BF09FA50-E76D-4458-96FC-1F83612CF22A}.Release|Any CPU.ActiveCfg = Release|x86
		{BF09FA50-E76D-4458-96FC-1F83612CF22A}.Release|Mixed Platforms.ActiveCfg = Release|x86
		{BF09FA50-E76D-4458-96FC-1F83612CF22A}.Release|Mixed Platforms.Build.0 = Release|x86
		{BF09FA50-E76D-4458-96FC-1F83612CF22A}.Release|x86.ActiveCfg = Release|x86
		{BF09FA50-E76D-4458-96FC-1F83612CF22A}.Release|x86.Build.0 = Release|x86
		{BF09FA50-E76D-4458-96FC-1F83612CF22A}.UAT|Any CPU.ActiveCfg = Release|x86
		{BF09FA50-E76D-4458-96FC-1F83612CF22A}.UAT|Mixed Platforms.ActiveCfg = Release|x86
		{BF09FA50-E76D-4458-96FC-1F83612CF22A}.UAT|Mixed Platforms.Build.0 = Release|x86
		{BF09FA50-E76D-4458-96FC-1F83612CF22A}.UAT|x86.ActiveCfg = Release|x86
		{BF09FA50-E76D-4458-96FC-1F83612CF22A}.UAT|x86.Build.0 = Release|x86
	EndGlobalSection
	GlobalSection(SolutionProperties) = preSolution
		HideSolutionNode = FALSE
	EndGlobalSection
	GlobalSection(NestedProjects) = preSolution
		{A028D02F-CE5F-46FC-81AD-C6D1E9CC1A70} = {C343E5CA-AD81-4440-BED4-3E21A272B683}
		{BF09FA50-E76D-4458-96FC-1F83612CF22A} = {85FC3EE3-FCDF-477B-AF36-16D5C63DB25A}
	EndGlobalSection
EndGlobal
